
Microsoft Visual Studio Solution File, Format Version 12.00
# Visual Studio Version 16
VisualStudioVersion = 16.0.30523.141
MinimumVisualStudioVersion = 10.0.40219.1
Project("{FAE04EC0-301F-11D3-BF4B-00C04F79EFBC}") = "01_Assignment_Numere_Rationale", "01_Assignment_Numere_Rationale.csproj", "{D1255B7C-755A-488F-9A35-E78D5478DA03}"
EndProject
Global
	GlobalSection(SolutionConfigurationPlatforms) = preSolution
		Debug|Any CPU = Debug|Any CPU
		Release|Any CPU = Release|Any CPU
	EndGlobalSection
	GlobalSection(ProjectConfigurationPlatforms) = postSolution
		{D1255B7C-755A-488F-9A35-E78D5478DA03}.Debug|Any CPU.ActiveCfg = Debug|Any CPU
		{D1255B7C-755A-488F-9A35-E78D5478DA03}.Debug|Any CPU.Build.0 = Debug|Any CPU
		{D1255B7C-755A-488F-9A35-E78D5478DA03}.Release|Any CPU.ActiveCfg = Release|Any CPU
		{D1255B7C-755A-488F-9A35-E78D5478DA03}.Release|Any CPU.Build.0 = Release|Any CPU
	EndGlobalSection
	GlobalSection(SolutionProperties) = preSolution
		HideSolutionNode = FALSE
	EndGlobalSection
	GlobalSection(ExtensibilityGlobals) = postSolution
		SolutionGuid = {24FE95DF-6DD1-4D2C-8AA3-AA60B585898E}
	EndGlobalSection
EndGlobal
