
Microsoft Visual Studio Solution File, Format Version 12.00
# Visual Studio Version 16
VisualStudioVersion = 16.0.30523.141
MinimumVisualStudioVersion = 10.0.40219.1
Project("{FAE04EC0-301F-11D3-BF4B-00C04F79EFBC}") = "05_Assignment_Queue", "05_Assignment_Queue.csproj", "{9142AE36-B240-4E9A-A379-5B9A42B84BDB}"
EndProject
Project("{2150E333-8FDC-42A3-9474-1A3956D46DE8}") = "Tests", "Tests", "{2AB56729-5C35-4508-8895-D44CDBE04444}"
EndProject
Project("{FAE04EC0-301F-11D3-BF4B-00C04F79EFBC}") = "QueueCircularTest", "..\QueueCircularTest\QueueCircularTest.csproj", "{7B51857B-DDB2-4CF8-B617-64800AFF19D8}"
EndProject
Global
	GlobalSection(SolutionConfigurationPlatforms) = preSolution
		Debug|Any CPU = Debug|Any CPU
		Release|Any CPU = Release|Any CPU
	EndGlobalSection
	GlobalSection(ProjectConfigurationPlatforms) = postSolution
		{9142AE36-B240-4E9A-A379-5B9A42B84BDB}.Debug|Any CPU.ActiveCfg = Debug|Any CPU
		{9142AE36-B240-4E9A-A379-5B9A42B84BDB}.Debug|Any CPU.Build.0 = Debug|Any CPU
		{9142AE36-B240-4E9A-A379-5B9A42B84BDB}.Release|Any CPU.ActiveCfg = Release|Any CPU
		{9142AE36-B240-4E9A-A379-5B9A42B84BDB}.Release|Any CPU.Build.0 = Release|Any CPU
		{7B51857B-DDB2-4CF8-B617-64800AFF19D8}.Debug|Any CPU.ActiveCfg = Debug|Any CPU
		{7B51857B-DDB2-4CF8-B617-64800AFF19D8}.Debug|Any CPU.Build.0 = Debug|Any CPU
		{7B51857B-DDB2-4CF8-B617-64800AFF19D8}.Release|Any CPU.ActiveCfg = Release|Any CPU
		{7B51857B-DDB2-4CF8-B617-64800AFF19D8}.Release|Any CPU.Build.0 = Release|Any CPU
	EndGlobalSection
	GlobalSection(SolutionProperties) = preSolution
		HideSolutionNode = FALSE
	EndGlobalSection
	GlobalSection(NestedProjects) = preSolution
		{7B51857B-DDB2-4CF8-B617-64800AFF19D8} = {2AB56729-5C35-4508-8895-D44CDBE04444}
	EndGlobalSection
	GlobalSection(ExtensibilityGlobals) = postSolution
		SolutionGuid = {706FB154-22C6-44FB-A6C3-FBEF9496D9CB}
	EndGlobalSection
EndGlobal
