
Microsoft Visual Studio Solution File, Format Version 12.00
# Visual Studio Version 16
VisualStudioVersion = 16.0.30523.141
MinimumVisualStudioVersion = 10.0.40219.1
Project("{FAE04EC0-301F-11D3-BF4B-00C04F79EFBC}") = "00_Assignment_Numere_Complexe", "00_Assignment_Numere_Complexe.csproj", "{CC3EFD3D-9281-430E-97AE-1BC9D04ECA5B}"
EndProject
Global
	GlobalSection(SolutionConfigurationPlatforms) = preSolution
		Debug|Any CPU = Debug|Any CPU
		Release|Any CPU = Release|Any CPU
	EndGlobalSection
	GlobalSection(ProjectConfigurationPlatforms) = postSolution
		{CC3EFD3D-9281-430E-97AE-1BC9D04ECA5B}.Debug|Any CPU.ActiveCfg = Debug|Any CPU
		{CC3EFD3D-9281-430E-97AE-1BC9D04ECA5B}.Debug|Any CPU.Build.0 = Debug|Any CPU
		{CC3EFD3D-9281-430E-97AE-1BC9D04ECA5B}.Release|Any CPU.ActiveCfg = Release|Any CPU
		{CC3EFD3D-9281-430E-97AE-1BC9D04ECA5B}.Release|Any CPU.Build.0 = Release|Any CPU
	EndGlobalSection
	GlobalSection(SolutionProperties) = preSolution
		HideSolutionNode = FALSE
	EndGlobalSection
	GlobalSection(ExtensibilityGlobals) = postSolution
		SolutionGuid = {87A0BA9A-1C8C-4FCE-8BB5-D45AE7F7C7EC}
	EndGlobalSection
EndGlobal
